
Microsoft Visual Studio Solution File, Format Version 12.00
# Visual Studio Version 17
VisualStudioVersion = 17.0.31919.166
MinimumVisualStudioVersion = 10.0.40219.1
Project("{2150E333-8FDC-42A3-9474-1A3956D46DE8}") = "src", "src", "{25C0B6A5-D55B-4DCD-99D9-176343B22409}"
EndProject
Project("{2150E333-8FDC-42A3-9474-1A3956D46DE8}") = "tests", "tests", "{541AB519-2EB5-4CAA-8959-41CC91373114}"
EndProject
Project("{2150E333-8FDC-42A3-9474-1A3956D46DE8}") = "API", "API", "{8929038A-C8B8-4253-AD1C-CA9615E154C0}"
EndProject
Project("{2150E333-8FDC-42A3-9474-1A3956D46DE8}") = "Core", "Core", "{CBDCA489-E16F-4860-9F33-784E99B25797}"
EndProject
Project("{2150E333-8FDC-42A3-9474-1A3956D46DE8}") = "Infrastructure", "Infrastructure", "{C2611698-85CD-4D2D-940A-0D159AB33133}"
EndProject
Project("{2150E333-8FDC-42A3-9474-1A3956D46DE8}") = "UI", "UI", "{EDD1801E-C304-42AC-97D3-6C6BF4AD661D}"
EndProject
Project("{2150E333-8FDC-42A3-9474-1A3956D46DE8}") = "Application", "Application", "{EF52767B-3D6E-4EA6-9170-EE0E0852F4CA}"
EndProject
Project("{2150E333-8FDC-42A3-9474-1A3956D46DE8}") = "Domain", "Domain", "{34F197D0-B7F2-4EA2-8BA7-EF86DCA0B80D}"
EndProject
Project("{9A19103F-16F7-4668-BE54-9A1E7A4F7556}") = "Webinars.Domain", "Webinars.Domain\Webinars.Domain.csproj", "{C9ACC91D-DBCA-4B17-8784-1F56603E8229}"
EndProject
Project("{9A19103F-16F7-4668-BE54-9A1E7A4F7556}") = "Webinars.CQRS", "Webinars.CQRS\Webinars.CQRS.csproj", "{88B925F7-45E6-4BF6-8F09-DB564804D061}"
EndProject
Project("{9A19103F-16F7-4668-BE54-9A1E7A4F7556}") = "Webinars.Contracts", "Webinars.Contracts\Webinars.Contracts.csproj", "{77C93292-C269-4713-B456-BCA00CF8E57C}"
EndProject
Project("{2150E333-8FDC-42A3-9474-1A3956D46DE8}") = "Presistence", "Presistence", "{334DDE41-5F61-4FCE-BDE3-D5DFF7583471}"
EndProject
Project("{9A19103F-16F7-4668-BE54-9A1E7A4F7556}") = "Webinars.Dapper.SQLServer", "Webinars.Dapper.SQLServer\Webinars.Dapper.SQLServer.csproj", "{E2734075-9FC0-4048-B2A7-2A63082F9710}"
EndProject
Project("{9A19103F-16F7-4668-BE54-9A1E7A4F7556}") = "Webinars.Api", "Webinars.Api\Webinars.Api.csproj", "{4E934012-ED85-4D66-8F37-EEDFD7A6AFB8}"
EndProject
Project("{9A19103F-16F7-4668-BE54-9A1E7A4F7556}") = "Webinars.Common", "Webinars.Common\Webinars.Common.csproj", "{6309711B-C971-4675-84AA-38CF0217B479}"
EndProject
Project("{9A19103F-16F7-4668-BE54-9A1E7A4F7556}") = "Webinars.UnitTest", "Webinars.UnitTest\Webinars.UnitTest.csproj", "{CF4DAFBC-E289-4667-9747-1179320E60B8}"
EndProject
Project("{9A19103F-16F7-4668-BE54-9A1E7A4F7556}") = "Webinars.IntegrationTests", "Webinars.IntegrationTests\Webinars.IntegrationTests.csproj", "{113DE867-4189-4F4E-8CC6-3E4AFF1897BC}"
EndProject
Global
	GlobalSection(SolutionConfigurationPlatforms) = preSolution
		Debug|Any CPU = Debug|Any CPU
		Release|Any CPU = Release|Any CPU
	EndGlobalSection
	GlobalSection(ProjectConfigurationPlatforms) = postSolution
		{C9ACC91D-DBCA-4B17-8784-1F56603E8229}.Debug|Any CPU.ActiveCfg = Debug|Any CPU
		{C9ACC91D-DBCA-4B17-8784-1F56603E8229}.Debug|Any CPU.Build.0 = Debug|Any CPU
		{C9ACC91D-DBCA-4B17-8784-1F56603E8229}.Release|Any CPU.ActiveCfg = Release|Any CPU
		{C9ACC91D-DBCA-4B17-8784-1F56603E8229}.Release|Any CPU.Build.0 = Release|Any CPU
		{88B925F7-45E6-4BF6-8F09-DB564804D061}.Debug|Any CPU.ActiveCfg = Debug|Any CPU
		{88B925F7-45E6-4BF6-8F09-DB564804D061}.Debug|Any CPU.Build.0 = Debug|Any CPU
		{88B925F7-45E6-4BF6-8F09-DB564804D061}.Release|Any CPU.ActiveCfg = Release|Any CPU
		{88B925F7-45E6-4BF6-8F09-DB564804D061}.Release|Any CPU.Build.0 = Release|Any CPU
		{77C93292-C269-4713-B456-BCA00CF8E57C}.Debug|Any CPU.ActiveCfg = Debug|Any CPU
		{77C93292-C269-4713-B456-BCA00CF8E57C}.Debug|Any CPU.Build.0 = Debug|Any CPU
		{77C93292-C269-4713-B456-BCA00CF8E57C}.Release|Any CPU.ActiveCfg = Release|Any CPU
		{77C93292-C269-4713-B456-BCA00CF8E57C}.Release|Any CPU.Build.0 = Release|Any CPU
		{E2734075-9FC0-4048-B2A7-2A63082F9710}.Debug|Any CPU.ActiveCfg = Debug|Any CPU
		{E2734075-9FC0-4048-B2A7-2A63082F9710}.Debug|Any CPU.Build.0 = Debug|Any CPU
		{E2734075-9FC0-4048-B2A7-2A63082F9710}.Release|Any CPU.ActiveCfg = Release|Any CPU
		{E2734075-9FC0-4048-B2A7-2A63082F9710}.Release|Any CPU.Build.0 = Release|Any CPU
		{4E934012-ED85-4D66-8F37-EEDFD7A6AFB8}.Debug|Any CPU.ActiveCfg = Debug|Any CPU
		{4E934012-ED85-4D66-8F37-EEDFD7A6AFB8}.Debug|Any CPU.Build.0 = Debug|Any CPU
		{4E934012-ED85-4D66-8F37-EEDFD7A6AFB8}.Release|Any CPU.ActiveCfg = Release|Any CPU
		{4E934012-ED85-4D66-8F37-EEDFD7A6AFB8}.Release|Any CPU.Build.0 = Release|Any CPU
		{6309711B-C971-4675-84AA-38CF0217B479}.Debug|Any CPU.ActiveCfg = Debug|Any CPU
		{6309711B-C971-4675-84AA-38CF0217B479}.Debug|Any CPU.Build.0 = Debug|Any CPU
		{6309711B-C971-4675-84AA-38CF0217B479}.Release|Any CPU.ActiveCfg = Release|Any CPU
		{6309711B-C971-4675-84AA-38CF0217B479}.Release|Any CPU.Build.0 = Release|Any CPU
		{CF4DAFBC-E289-4667-9747-1179320E60B8}.Debug|Any CPU.ActiveCfg = Debug|Any CPU
		{CF4DAFBC-E289-4667-9747-1179320E60B8}.Debug|Any CPU.Build.0 = Debug|Any CPU
		{CF4DAFBC-E289-4667-9747-1179320E60B8}.Release|Any CPU.ActiveCfg = Release|Any CPU
		{CF4DAFBC-E289-4667-9747-1179320E60B8}.Release|Any CPU.Build.0 = Release|Any CPU
		{113DE867-4189-4F4E-8CC6-3E4AFF1897BC}.Debug|Any CPU.ActiveCfg = Debug|Any CPU
		{113DE867-4189-4F4E-8CC6-3E4AFF1897BC}.Debug|Any CPU.Build.0 = Debug|Any CPU
		{113DE867-4189-4F4E-8CC6-3E4AFF1897BC}.Release|Any CPU.ActiveCfg = Release|Any CPU
		{113DE867-4189-4F4E-8CC6-3E4AFF1897BC}.Release|Any CPU.Build.0 = Release|Any CPU
	EndGlobalSection
	GlobalSection(SolutionProperties) = preSolution
		HideSolutionNode = FALSE
	EndGlobalSection
	GlobalSection(NestedProjects) = preSolution
		{8929038A-C8B8-4253-AD1C-CA9615E154C0} = {25C0B6A5-D55B-4DCD-99D9-176343B22409}
		{CBDCA489-E16F-4860-9F33-784E99B25797} = {25C0B6A5-D55B-4DCD-99D9-176343B22409}
		{C2611698-85CD-4D2D-940A-0D159AB33133} = {25C0B6A5-D55B-4DCD-99D9-176343B22409}
		{EDD1801E-C304-42AC-97D3-6C6BF4AD661D} = {25C0B6A5-D55B-4DCD-99D9-176343B22409}
		{EF52767B-3D6E-4EA6-9170-EE0E0852F4CA} = {CBDCA489-E16F-4860-9F33-784E99B25797}
		{34F197D0-B7F2-4EA2-8BA7-EF86DCA0B80D} = {CBDCA489-E16F-4860-9F33-784E99B25797}
		{C9ACC91D-DBCA-4B17-8784-1F56603E8229} = {34F197D0-B7F2-4EA2-8BA7-EF86DCA0B80D}
		{88B925F7-45E6-4BF6-8F09-DB564804D061} = {EF52767B-3D6E-4EA6-9170-EE0E0852F4CA}
		{77C93292-C269-4713-B456-BCA00CF8E57C} = {EF52767B-3D6E-4EA6-9170-EE0E0852F4CA}
		{334DDE41-5F61-4FCE-BDE3-D5DFF7583471} = {C2611698-85CD-4D2D-940A-0D159AB33133}
		{E2734075-9FC0-4048-B2A7-2A63082F9710} = {334DDE41-5F61-4FCE-BDE3-D5DFF7583471}
		{4E934012-ED85-4D66-8F37-EEDFD7A6AFB8} = {8929038A-C8B8-4253-AD1C-CA9615E154C0}
		{6309711B-C971-4675-84AA-38CF0217B479} = {EF52767B-3D6E-4EA6-9170-EE0E0852F4CA}
		{CF4DAFBC-E289-4667-9747-1179320E60B8} = {541AB519-2EB5-4CAA-8959-41CC91373114}
		{113DE867-4189-4F4E-8CC6-3E4AFF1897BC} = {541AB519-2EB5-4CAA-8959-41CC91373114}
	EndGlobalSection
	GlobalSection(ExtensibilityGlobals) = postSolution
		SolutionGuid = {85DAC563-0F17-4552-99DD-2877B5B51439}
	EndGlobalSection
EndGlobal
